
Microsoft Visual Studio Solution File, Format Version 12.00
# Visual Studio Version 16
VisualStudioVersion = 16.0.31424.327
MinimumVisualStudioVersion = 10.0.40219.1
Project("{FAE04EC0-301F-11D3-BF4B-00C04F79EFBC}") = "Car Racing Game", "Car Racing Game\Car Racing Game.csproj", "{914404D0-C275-4CB8-9A08-FF5863B83149}"
EndProject
Global
	GlobalSection(SolutionConfigurationPlatforms) = preSolution
		Debug|Any CPU = Debug|Any CPU
		Release|Any CPU = Release|Any CPU
	EndGlobalSection
	GlobalSection(ProjectConfigurationPlatforms) = postSolution
		{914404D0-C275-4CB8-9A08-FF5863B83149}.Debug|Any CPU.ActiveCfg = Debug|Any CPU
		{914404D0-C275-4CB8-9A08-FF5863B83149}.Debug|Any CPU.Build.0 = Debug|Any CPU
		{914404D0-C275-4CB8-9A08-FF5863B83149}.Release|Any CPU.ActiveCfg = Release|Any CPU
		{914404D0-C275-4CB8-9A08-FF5863B83149}.Release|Any CPU.Build.0 = Release|Any CPU
	EndGlobalSection
	GlobalSection(SolutionProperties) = preSolution
		HideSolutionNode = FALSE
	EndGlobalSection
	GlobalSection(ExtensibilityGlobals) = postSolution
		SolutionGuid = {DCCC5F7F-896E-44AB-A54E-26BC1984B140}
	EndGlobalSection
EndGlobal
